# THIS IS AN AUTOGENERATED FILE. DO NOT EDIT THIS FILE DIRECTLY.
# yarn lockfile v1


js-algorithms@^1.9.1:
  version "1.9.1"
  resolved "https://registry.yarnpkg.com/js-algorithms/-/js-algorithms-1.9.1.tgz#a28ffc398e4202116e0c0cdcefa3452bdc2126fa"
  integrity sha512-6CsVqpaukRxCPfeAQupNvIxn8yyUD58s11kvx7dil9N62UHhFOeBu6hzUa9htDJx2GX9kNZBZegM5UKswCcQ2Q==
