# THIS IS AN AUTOGENERATED FILE. DO NOT EDIT THIS FILE DIRECTLY.
# yarn lockfile v1


red-black-tree-js@^1.2.2:
  version "1.2.2"
  resolved "https://registry.yarnpkg.com/red-black-tree-js/-/red-black-tree-js-1.2.2.tgz#81fdb1db08811fd7c622c35b5f68d450f2aa6186"
  integrity sha1-gf2x2wiBH9fGIsNbX2jUUPKqYYY=
